
Microsoft Visual Studio Solution File, Format Version 12.00
# Visual Studio 15
VisualStudioVersion = 15.0.28307.572
MinimumVisualStudioVersion = 10.0.40219.1
Project("{FAE04EC0-301F-11D3-BF4B-00C04F79EFBC}") = "ApiCrud", "ApiCrud\ApiCrud.csproj", "{7C7A4516-5D4B-45F2-9D05-B2E1EF76F188}"
EndProject
Global
	GlobalSection(SolutionConfigurationPlatforms) = preSolution
		Debug|Any CPU = Debug|Any CPU
		Release|Any CPU = Release|Any CPU
	EndGlobalSection
	GlobalSection(ProjectConfigurationPlatforms) = postSolution
		{7C7A4516-5D4B-45F2-9D05-B2E1EF76F188}.Debug|Any CPU.ActiveCfg = Debug|Any CPU
		{7C7A4516-5D4B-45F2-9D05-B2E1EF76F188}.Debug|Any CPU.Build.0 = Debug|Any CPU
		{7C7A4516-5D4B-45F2-9D05-B2E1EF76F188}.Release|Any CPU.ActiveCfg = Release|Any CPU
		{7C7A4516-5D4B-45F2-9D05-B2E1EF76F188}.Release|Any CPU.Build.0 = Release|Any CPU
	EndGlobalSection
	GlobalSection(SolutionProperties) = preSolution
		HideSolutionNode = FALSE
	EndGlobalSection
	GlobalSection(ExtensibilityGlobals) = postSolution
		SolutionGuid = {61752AAE-8EA1-4F8C-9DE3-88B4D77DB552}
	EndGlobalSection
EndGlobal
